
Microsoft Visual Studio Solution File, Format Version 12.00
# Visual Studio Version 17
VisualStudioVersion = 17.0.31903.59
MinimumVisualStudioVersion = 10.0.40219.1
Project("{FAE04EC0-301F-11D3-BF4B-00C04F79EFBC}") = "CongestionTaxCalculator.Domain", "src\CongestionTaxCalculator.Domain\CongestionTaxCalculator.Domain.csproj", "{09B2EAFD-6059-4E72-BB34-D30812E7813A}"
EndProject
Project("{FAE04EC0-301F-11D3-BF4B-00C04F79EFBC}") = "CongestionTaxCalculator.Application", "src\CongestionTaxCalculator.Application\CongestionTaxCalculator.Application.csproj", "{00BAAB31-8073-4FA0-91B7-BE3E764DF759}"
EndProject
Project("{FAE04EC0-301F-11D3-BF4B-00C04F79EFBC}") = "CongestionTaxCalculator.Infrastructure", "src\CongestionTaxCalculator.Infrastructure\CongestionTaxCalculator.Infrastructure.csproj", "{A27D1537-4072-45C8-A6BA-AD24D4BB8B3F}"
EndProject
Project("{FAE04EC0-301F-11D3-BF4B-00C04F79EFBC}") = "CongestionTaxCalculator.Endpoint", "src\CongestionTaxCalculator.Endpoint\CongestionTaxCalculator.Endpoint.csproj", "{8E0AB97E-BF6C-4E4D-9712-99198E5782D6}"
EndProject
Global
	GlobalSection(SolutionConfigurationPlatforms) = preSolution
		Debug|Any CPU = Debug|Any CPU
		Release|Any CPU = Release|Any CPU
	EndGlobalSection
	GlobalSection(ProjectConfigurationPlatforms) = postSolution
		{09B2EAFD-6059-4E72-BB34-D30812E7813A}.Debug|Any CPU.ActiveCfg = Debug|Any CPU
		{09B2EAFD-6059-4E72-BB34-D30812E7813A}.Debug|Any CPU.Build.0 = Debug|Any CPU
		{09B2EAFD-6059-4E72-BB34-D30812E7813A}.Release|Any CPU.ActiveCfg = Release|Any CPU
		{09B2EAFD-6059-4E72-BB34-D30812E7813A}.Release|Any CPU.Build.0 = Release|Any CPU
		{00BAAB31-8073-4FA0-91B7-BE3E764DF759}.Debug|Any CPU.ActiveCfg = Debug|Any CPU
		{00BAAB31-8073-4FA0-91B7-BE3E764DF759}.Debug|Any CPU.Build.0 = Debug|Any CPU
		{00BAAB31-8073-4FA0-91B7-BE3E764DF759}.Release|Any CPU.ActiveCfg = Release|Any CPU
		{00BAAB31-8073-4FA0-91B7-BE3E764DF759}.Release|Any CPU.Build.0 = Release|Any CPU
		{A27D1537-4072-45C8-A6BA-AD24D4BB8B3F}.Debug|Any CPU.ActiveCfg = Debug|Any CPU
		{A27D1537-4072-45C8-A6BA-AD24D4BB8B3F}.Debug|Any CPU.Build.0 = Debug|Any CPU
		{A27D1537-4072-45C8-A6BA-AD24D4BB8B3F}.Release|Any CPU.ActiveCfg = Release|Any CPU
		{A27D1537-4072-45C8-A6BA-AD24D4BB8B3F}.Release|Any CPU.Build.0 = Release|Any CPU
		{8E0AB97E-BF6C-4E4D-9712-99198E5782D6}.Debug|Any CPU.ActiveCfg = Debug|Any CPU
		{8E0AB97E-BF6C-4E4D-9712-99198E5782D6}.Debug|Any CPU.Build.0 = Debug|Any CPU
		{8E0AB97E-BF6C-4E4D-9712-99198E5782D6}.Release|Any CPU.ActiveCfg = Release|Any CPU
		{8E0AB97E-BF6C-4E4D-9712-99198E5782D6}.Release|Any CPU.Build.0 = Release|Any CPU
	EndGlobalSection
	GlobalSection(SolutionProperties) = preSolution
		HideSolutionNode = FALSE
	EndGlobalSection
	GlobalSection(ExtensibilityGlobals) = postSolution
		SolutionGuid = {57778CAB-9BDC-46CD-99CC-1D0A2CCC0EAF}
	EndGlobalSection
EndGlobal
